// !$*UTF8*$!
{
	archiveVersion = 1;
	classes = {
	};
	objectVersion = 46;
	objects = {

/* Begin PBXBuildFile section */
		6E129B331CBA656700D6724F /* DetailViewControllerTests.swift in Sources */ = {isa = PBXBuildFile; fileRef = 6E129B321CBA656700D6724F /* DetailViewControllerTests.swift */; };
		6E1A89211C867E2900E433B2 /* AppDelegate.swift in Sources */ = {isa = PBXBuildFile; fileRef = 6E1A89201C867E2900E433B2 /* AppDelegate.swift */; };
		6E1A89231C867E2900E433B2 /* ViewController.swift in Sources */ = {isa = PBXBuildFile; fileRef = 6E1A89221C867E2900E433B2 /* ViewController.swift */; };
		6E1A89261C867E2900E433B2 /* Main.storyboard in Resources */ = {isa = PBXBuildFile; fileRef = 6E1A89241C867E2900E433B2 /* Main.storyboard */; };
		6E1A89281C867E2900E433B2 /* Assets.xcassets in Resources */ = {isa = PBXBuildFile; fileRef = 6E1A89271C867E2900E433B2 /* Assets.xcassets */; };
		6E1A892B1C867E2900E433B2 /* LaunchScreen.storyboard in Resources */ = {isa = PBXBuildFile; fileRef = 6E1A89291C867E2900E433B2 /* LaunchScreen.storyboard */; };
		6E1A89431C8680C500E433B2 /* EntryTests.swift in Sources */ = {isa = PBXBuildFile; fileRef = 6E1A89421C8680C500E433B2 /* EntryTests.swift */; };
		6E1A89451C86829400E433B2 /* Entry.swift in Sources */ = {isa = PBXBuildFile; fileRef = 6E1A89441C86829400E433B2 /* Entry.swift */; };
		6E1A89491C86875800E433B2 /* EntryManagerTests.swift in Sources */ = {isa = PBXBuildFile; fileRef = 6E1A89481C86875800E433B2 /* EntryManagerTests.swift */; };
		6E1A894B1C86876600E433B2 /* EntryManager.swift in Sources */ = {isa = PBXBuildFile; fileRef = 6E1A894A1C86876600E433B2 /* EntryManager.swift */; };
		6E1A894D1C87A51000E433B2 /* EntryCell.swift in Sources */ = {isa = PBXBuildFile; fileRef = 6E1A894C1C87A51000E433B2 /* EntryCell.swift */; };
		6E73F51D1CBD7E4300F50996 /* temp.m in Sources */ = {isa = PBXBuildFile; fileRef = 6E73F51C1CBD7E4300F50996 /* temp.m */; };
		6E9774101C86CBB5000303B2 /* DataProviderTests.swift in Sources */ = {isa = PBXBuildFile; fileRef = 6E97740F1C86CBB5000303B2 /* DataProviderTests.swift */; };
		6E9774121C86CBC7000303B2 /* DataProvider.swift in Sources */ = {isa = PBXBuildFile; fileRef = 6E9774111C86CBC7000303B2 /* DataProvider.swift */; };
		6E9774181C86EDC2000303B2 /* AddEntryViewController.swift in Sources */ = {isa = PBXBuildFile; fileRef = 6E9774171C86EDC2000303B2 /* AddEntryViewController.swift */; };
		6E97741A1C86FC5C000303B2 /* DetailViewController.swift in Sources */ = {isa = PBXBuildFile; fileRef = 6E9774191C86FC5C000303B2 /* DetailViewController.swift */; };
		6E97741C1C873991000303B2 /* MainViewControllerTests.swift in Sources */ = {isa = PBXBuildFile; fileRef = 6E97741B1C873991000303B2 /* MainViewControllerTests.swift */; };
		6E97741E1C873A09000303B2 /* MainViewController.swift in Sources */ = {isa = PBXBuildFile; fileRef = 6E97741D1C873A09000303B2 /* MainViewController.swift */; };
		6EA86EC11CB80E16001A5633 /* AddEntryViewControllerTests.swift in Sources */ = {isa = PBXBuildFile; fileRef = 6EA86EC01CB80E16001A5633 /* AddEntryViewControllerTests.swift */; };
		6EB89A671C88A54F0050D5DB /* EntryCellTests.swift in Sources */ = {isa = PBXBuildFile; fileRef = 6EB89A661C88A54F0050D5DB /* EntryCellTests.swift */; };
		6EFEC1D21CBBE10700347590 /* DropboxSDK.framework in Frameworks */ = {isa = PBXBuildFile; fileRef = 6EFEC1D11CBBE10700347590 /* DropboxSDK.framework */; };
		6EFEC1D41CBBE11600347590 /* Security.framework in Frameworks */ = {isa = PBXBuildFile; fileRef = 6EFEC1D31CBBE11600347590 /* Security.framework */; };
		6EFEC1D61CBBE11E00347590 /* QuartzCore.framework in Frameworks */ = {isa = PBXBuildFile; fileRef = 6EFEC1D51CBBE11E00347590 /* QuartzCore.framework */; };
/* End PBXBuildFile section */

/* Begin PBXContainerItemProxy section */
		6E1A89321C867E2900E433B2 /* PBXContainerItemProxy */ = {
			isa = PBXContainerItemProxy;
			containerPortal = 6E1A89151C867E2900E433B2 /* Project object */;
			proxyType = 1;
			remoteGlobalIDString = 6E1A891C1C867E2900E433B2;
			remoteInfo = myPasswords;
		};
/* End PBXContainerItemProxy section */

/* Begin PBXFileReference section */
		6E129B321CBA656700D6724F /* DetailViewControllerTests.swift */ = {isa = PBXFileReference; fileEncoding = 4; lastKnownFileType = sourcecode.swift; path = DetailViewControllerTests.swift; sourceTree = "<group>"; };
		6E1A891D1C867E2900E433B2 /* myPasswords.app */ = {isa = PBXFileReference; explicitFileType = wrapper.application; includeInIndex = 0; path = myPasswords.app; sourceTree = BUILT_PRODUCTS_DIR; };
		6E1A89201C867E2900E433B2 /* AppDelegate.swift */ = {isa = PBXFileReference; lastKnownFileType = sourcecode.swift; path = AppDelegate.swift; sourceTree = "<group>"; };
		6E1A89221C867E2900E433B2 /* ViewController.swift */ = {isa = PBXFileReference; lastKnownFileType = sourcecode.swift; path = ViewController.swift; sourceTree = "<group>"; };
		6E1A89251C867E2900E433B2 /* Base */ = {isa = PBXFileReference; lastKnownFileType = file.storyboard; name = Base; path = Base.lproj/Main.storyboard; sourceTree = "<group>"; };
		6E1A89271C867E2900E433B2 /* Assets.xcassets */ = {isa = PBXFileReference; lastKnownFileType = folder.assetcatalog; path = Assets.xcassets; sourceTree = "<group>"; };
		6E1A892A1C867E2900E433B2 /* Base */ = {isa = PBXFileReference; lastKnownFileType = file.storyboard; name = Base; path = Base.lproj/LaunchScreen.storyboard; sourceTree = "<group>"; };
		6E1A892C1C867E2900E433B2 /* Info.plist */ = {isa = PBXFileReference; lastKnownFileType = text.plist.xml; path = Info.plist; sourceTree = "<group>"; };
		6E1A89311C867E2900E433B2 /* myPasswordsTests.xctest */ = {isa = PBXFileReference; explicitFileType = wrapper.cfbundle; includeInIndex = 0; path = myPasswordsTests.xctest; sourceTree = BUILT_PRODUCTS_DIR; };
		6E1A89371C867E2900E433B2 /* Info.plist */ = {isa = PBXFileReference; lastKnownFileType = text.plist.xml; path = Info.plist; sourceTree = "<group>"; };
		6E1A89421C8680C500E433B2 /* EntryTests.swift */ = {isa = PBXFileReference; fileEncoding = 4; lastKnownFileType = sourcecode.swift; name = EntryTests.swift; path = Model/EntryTests.swift; sourceTree = "<group>"; };
		6E1A89441C86829400E433B2 /* Entry.swift */ = {isa = PBXFileReference; fileEncoding = 4; lastKnownFileType = sourcecode.swift; name = Entry.swift; path = Model/Entry.swift; sourceTree = "<group>"; };
		6E1A89481C86875800E433B2 /* EntryManagerTests.swift */ = {isa = PBXFileReference; fileEncoding = 4; lastKnownFileType = sourcecode.swift; name = EntryManagerTests.swift; path = Model/EntryManagerTests.swift; sourceTree = "<group>"; };
		6E1A894A1C86876600E433B2 /* EntryManager.swift */ = {isa = PBXFileReference; fileEncoding = 4; lastKnownFileType = sourcecode.swift; name = EntryManager.swift; path = Model/EntryManager.swift; sourceTree = "<group>"; };
		6E1A894C1C87A51000E433B2 /* EntryCell.swift */ = {isa = PBXFileReference; fileEncoding = 4; lastKnownFileType = sourcecode.swift; name = EntryCell.swift; path = Controller/EntryCell.swift; sourceTree = "<group>"; };
		6E73F51B1CBD7E4300F50996 /* myPasswords-Bridging-Header.h */ = {isa = PBXFileReference; lastKnownFileType = sourcecode.c.h; path = "myPasswords-Bridging-Header.h"; sourceTree = "<group>"; };
		6E73F51C1CBD7E4300F50996 /* temp.m */ = {isa = PBXFileReference; fileEncoding = 4; lastKnownFileType = sourcecode.c.objc; path = temp.m; sourceTree = "<group>"; };
		6E97740F1C86CBB5000303B2 /* DataProviderTests.swift */ = {isa = PBXFileReference; fileEncoding = 4; lastKnownFileType = sourcecode.swift; name = DataProviderTests.swift; path = Controller/DataProviderTests.swift; sourceTree = "<group>"; };
		6E9774111C86CBC7000303B2 /* DataProvider.swift */ = {isa = PBXFileReference; fileEncoding = 4; lastKnownFileType = sourcecode.swift; name = DataProvider.swift; path = Controller/DataProvider.swift; sourceTree = "<group>"; };
		6E9774171C86EDC2000303B2 /* AddEntryViewController.swift */ = {isa = PBXFileReference; fileEncoding = 4; lastKnownFileType = sourcecode.swift; name = AddEntryViewController.swift; path = Controller/AddEntryViewController.swift; sourceTree = "<group>"; };
		6E9774191C86FC5C000303B2 /* DetailViewController.swift */ = {isa = PBXFileReference; fileEncoding = 4; lastKnownFileType = sourcecode.swift; name = DetailViewController.swift; path = Controller/DetailViewController.swift; sourceTree = "<group>"; };
		6E97741B1C873991000303B2 /* MainViewControllerTests.swift */ = {isa = PBXFileReference; fileEncoding = 4; lastKnownFileType = sourcecode.swift; name = MainViewControllerTests.swift; path = Controller/MainViewControllerTests.swift; sourceTree = "<group>"; };
		6E97741D1C873A09000303B2 /* MainViewController.swift */ = {isa = PBXFileReference; fileEncoding = 4; lastKnownFileType = sourcecode.swift; name = MainViewController.swift; path = Controller/MainViewController.swift; sourceTree = "<group>"; };
		6EA86EC01CB80E16001A5633 /* AddEntryViewControllerTests.swift */ = {isa = PBXFileReference; fileEncoding = 4; lastKnownFileType = sourcecode.swift; name = AddEntryViewControllerTests.swift; path = Controller/AddEntryViewControllerTests.swift; sourceTree = "<group>"; };
		6EB89A661C88A54F0050D5DB /* EntryCellTests.swift */ = {isa = PBXFileReference; fileEncoding = 4; lastKnownFileType = sourcecode.swift; name = EntryCellTests.swift; path = Controller/EntryCellTests.swift; sourceTree = "<group>"; };
		6EFEC1D11CBBE10700347590 /* DropboxSDK.framework */ = {isa = PBXFileReference; lastKnownFileType = wrapper.framework; path = DropboxSDK.framework; sourceTree = "<group>"; };
		6EFEC1D31CBBE11600347590 /* Security.framework */ = {isa = PBXFileReference; lastKnownFileType = wrapper.framework; name = Security.framework; path = System/Library/Frameworks/Security.framework; sourceTree = SDKROOT; };
		6EFEC1D51CBBE11E00347590 /* QuartzCore.framework */ = {isa = PBXFileReference; lastKnownFileType = wrapper.framework; name = QuartzCore.framework; path = System/Library/Frameworks/QuartzCore.framework; sourceTree = SDKROOT; };
/* End PBXFileReference section */

/* Begin PBXFrameworksBuildPhase section */
		6E1A891A1C867E2900E433B2 /* Frameworks */ = {
			isa = PBXFrameworksBuildPhase;
			buildActionMask = 2147483647;
			files = (
				6EFEC1D61CBBE11E00347590 /* QuartzCore.framework in Frameworks */,
				6EFEC1D41CBBE11600347590 /* Security.framework in Frameworks */,
				6EFEC1D21CBBE10700347590 /* DropboxSDK.framework in Frameworks */,
			);
			runOnlyForDeploymentPostprocessing = 0;
		};
		6E1A892E1C867E2900E433B2 /* Frameworks */ = {
			isa = PBXFrameworksBuildPhase;
			buildActionMask = 2147483647;
			files = (
			);
			runOnlyForDeploymentPostprocessing = 0;
		};
/* End PBXFrameworksBuildPhase section */

/* Begin PBXGroup section */
		6E1A89141C867E2900E433B2 = {
			isa = PBXGroup;
			children = (
				6E73F51C1CBD7E4300F50996 /* temp.m */,
				6EFEC1D51CBBE11E00347590 /* QuartzCore.framework */,
				6EFEC1D31CBBE11600347590 /* Security.framework */,
				6EFEC1D11CBBE10700347590 /* DropboxSDK.framework */,
				6E1A891F1C867E2900E433B2 /* myPasswords */,
				6E1A89341C867E2900E433B2 /* myPasswordsTests */,
				6E1A891E1C867E2900E433B2 /* Products */,
				6E73F51B1CBD7E4300F50996 /* myPasswords-Bridging-Header.h */,
			);
			sourceTree = "<group>";
		};
		6E1A891E1C867E2900E433B2 /* Products */ = {
			isa = PBXGroup;
			children = (
				6E1A891D1C867E2900E433B2 /* myPasswords.app */,
				6E1A89311C867E2900E433B2 /* myPasswordsTests.xctest */,
			);
			name = Products;
			sourceTree = "<group>";
		};
		6E1A891F1C867E2900E433B2 /* myPasswords */ = {
			isa = PBXGroup;
			children = (
				6E97740D1C86CB5F000303B2 /* Controller */,
				6E1A89471C86870600E433B2 /* Model */,
				6E1A89401C867EC500E433B2 /* Supporting Files */,
			);
			path = myPasswords;
			sourceTree = "<group>";
		};
		6E1A89341C867E2900E433B2 /* myPasswordsTests */ = {
			isa = PBXGroup;
			children = (
				6E97740E1C86CB64000303B2 /* Controller */,
				6E1A89461C86870000E433B2 /* Model */,
				6E1A89411C867EE800E433B2 /* Supporting Files */,
			);
			path = myPasswordsTests;
			sourceTree = "<group>";
		};
		6E1A89401C867EC500E433B2 /* Supporting Files */ = {
			isa = PBXGroup;
			children = (
				6E1A89201C867E2900E433B2 /* AppDelegate.swift */,
				6E1A89221C867E2900E433B2 /* ViewController.swift */,
				6E1A89241C867E2900E433B2 /* Main.storyboard */,
				6E1A89271C867E2900E433B2 /* Assets.xcassets */,
				6E1A89291C867E2900E433B2 /* LaunchScreen.storyboard */,
				6E1A892C1C867E2900E433B2 /* Info.plist */,
			);
			name = "Supporting Files";
			sourceTree = "<group>";
		};
		6E1A89411C867EE800E433B2 /* Supporting Files */ = {
			isa = PBXGroup;
			children = (
				6E1A89371C867E2900E433B2 /* Info.plist */,
			);
			name = "Supporting Files";
			sourceTree = "<group>";
		};
		6E1A89461C86870000E433B2 /* Model */ = {
			isa = PBXGroup;
			children = (
				6E1A89421C8680C500E433B2 /* EntryTests.swift */,
				6E1A89481C86875800E433B2 /* EntryManagerTests.swift */,
			);
			name = Model;
			sourceTree = "<group>";
		};
		6E1A89471C86870600E433B2 /* Model */ = {
			isa = PBXGroup;
			children = (
				6E1A89441C86829400E433B2 /* Entry.swift */,
				6E1A894A1C86876600E433B2 /* EntryManager.swift */,
			);
			name = Model;
			sourceTree = "<group>";
		};
		6E97740D1C86CB5F000303B2 /* Controller */ = {
			isa = PBXGroup;
			children = (
				6E97741D1C873A09000303B2 /* MainViewController.swift */,
				6E9774111C86CBC7000303B2 /* DataProvider.swift */,
				6E9774171C86EDC2000303B2 /* AddEntryViewController.swift */,
				6E9774191C86FC5C000303B2 /* DetailViewController.swift */,
				6E1A894C1C87A51000E433B2 /* EntryCell.swift */,
			);
			name = Controller;
			sourceTree = "<group>";
		};
		6E97740E1C86CB64000303B2 /* Controller */ = {
			isa = PBXGroup;
			children = (
				6E129B321CBA656700D6724F /* DetailViewControllerTests.swift */,
				6E97741B1C873991000303B2 /* MainViewControllerTests.swift */,
				6E97740F1C86CBB5000303B2 /* DataProviderTests.swift */,
				6EB89A661C88A54F0050D5DB /* EntryCellTests.swift */,
				6EA86EC01CB80E16001A5633 /* AddEntryViewControllerTests.swift */,
			);
			name = Controller;
			sourceTree = "<group>";
		};
/* End PBXGroup section */

/* Begin PBXNativeTarget section */
		6E1A891C1C867E2900E433B2 /* myPasswords */ = {
			isa = PBXNativeTarget;
			buildConfigurationList = 6E1A893A1C867E2900E433B2 /* Build configuration list for PBXNativeTarget "myPasswords" */;
			buildPhases = (
				6E1A89191C867E2900E433B2 /* Sources */,
				6E1A891A1C867E2900E433B2 /* Frameworks */,
				6E1A891B1C867E2900E433B2 /* Resources */,
			);
			buildRules = (
			);
			dependencies = (
			);
			name = myPasswords;
			productName = myPasswords;
			productReference = 6E1A891D1C867E2900E433B2 /* myPasswords.app */;
			productType = "com.apple.product-type.application";
		};
		6E1A89301C867E2900E433B2 /* myPasswordsTests */ = {
			isa = PBXNativeTarget;
			buildConfigurationList = 6E1A893D1C867E2900E433B2 /* Build configuration list for PBXNativeTarget "myPasswordsTests" */;
			buildPhases = (
				6E1A892D1C867E2900E433B2 /* Sources */,
				6E1A892E1C867E2900E433B2 /* Frameworks */,
				6E1A892F1C867E2900E433B2 /* Resources */,
			);
			buildRules = (
			);
			dependencies = (
				6E1A89331C867E2900E433B2 /* PBXTargetDependency */,
			);
			name = myPasswordsTests;
			productName = myPasswordsTests;
			productReference = 6E1A89311C867E2900E433B2 /* myPasswordsTests.xctest */;
			productType = "com.apple.product-type.bundle.unit-test";
		};
/* End PBXNativeTarget section */

/* Begin PBXProject section */
		6E1A89151C867E2900E433B2 /* Project object */ = {
			isa = PBXProject;
			attributes = {
				LastSwiftUpdateCheck = 0730;
				LastUpgradeCheck = 0720;
				ORGANIZATIONNAME = madeTK.com;
				TargetAttributes = {
					6E1A891C1C867E2900E433B2 = {
						CreatedOnToolsVersion = 7.2.1;
						DevelopmentTeam = DS36C95935;
					};
					6E1A89301C867E2900E433B2 = {
						CreatedOnToolsVersion = 7.2.1;
						TestTargetID = 6E1A891C1C867E2900E433B2;
					};
				};
			};
			buildConfigurationList = 6E1A89181C867E2900E433B2 /* Build configuration list for PBXProject "myPasswords" */;
			compatibilityVersion = "Xcode 3.2";
			developmentRegion = English;
			hasScannedForEncodings = 0;
			knownRegions = (
				en,
				Base,
			);
			mainGroup = 6E1A89141C867E2900E433B2;
			productRefGroup = 6E1A891E1C867E2900E433B2 /* Products */;
			projectDirPath = "";
			projectRoot = "";
			targets = (
				6E1A891C1C867E2900E433B2 /* myPasswords */,
				6E1A89301C867E2900E433B2 /* myPasswordsTests */,
			);
		};
/* End PBXProject section */

/* Begin PBXResourcesBuildPhase section */
		6E1A891B1C867E2900E433B2 /* Resources */ = {
			isa = PBXResourcesBuildPhase;
			buildActionMask = 2147483647;
			files = (
				6E1A892B1C867E2900E433B2 /* LaunchScreen.storyboard in Resources */,
				6E1A89281C867E2900E433B2 /* Assets.xcassets in Resources */,
				6E1A89261C867E2900E433B2 /* Main.storyboard in Resources */,
			);
			runOnlyForDeploymentPostprocessing = 0;
		};
		6E1A892F1C867E2900E433B2 /* Resources */ = {
			isa = PBXResourcesBuildPhase;
			buildActionMask = 2147483647;
			files = (
			);
			runOnlyForDeploymentPostprocessing = 0;
		};
/* End PBXResourcesBuildPhase section */

/* Begin PBXSourcesBuildPhase section */
		6E1A89191C867E2900E433B2 /* Sources */ = {
			isa = PBXSourcesBuildPhase;
			buildActionMask = 2147483647;
			files = (
				6E9774121C86CBC7000303B2 /* DataProvider.swift in Sources */,
				6E1A89451C86829400E433B2 /* Entry.swift in Sources */,
				6E1A89231C867E2900E433B2 /* ViewController.swift in Sources */,
				6E9774181C86EDC2000303B2 /* AddEntryViewController.swift in Sources */,
				6E1A894D1C87A51000E433B2 /* EntryCell.swift in Sources */,
				6E73F51D1CBD7E4300F50996 /* temp.m in Sources */,
				6E1A894B1C86876600E433B2 /* EntryManager.swift in Sources */,
				6E97741E1C873A09000303B2 /* MainViewController.swift in Sources */,
				6E1A89211C867E2900E433B2 /* AppDelegate.swift in Sources */,
				6E97741A1C86FC5C000303B2 /* DetailViewController.swift in Sources */,
			);
			runOnlyForDeploymentPostprocessing = 0;
		};
		6E1A892D1C867E2900E433B2 /* Sources */ = {
			isa = PBXSourcesBuildPhase;
			buildActionMask = 2147483647;
			files = (
				6E1A89431C8680C500E433B2 /* EntryTests.swift in Sources */,
				6E97741C1C873991000303B2 /* MainViewControllerTests.swift in Sources */,
				6E1A89491C86875800E433B2 /* EntryManagerTests.swift in Sources */,
				6E9774101C86CBB5000303B2 /* DataProviderTests.swift in Sources */,
				6E129B331CBA656700D6724F /* DetailViewControllerTests.swift in Sources */,
				6EB89A671C88A54F0050D5DB /* EntryCellTests.swift in Sources */,
				6EA86EC11CB80E16001A5633 /* AddEntryViewControllerTests.swift in Sources */,
			);
			runOnlyForDeploymentPostprocessing = 0;
		};
/* End PBXSourcesBuildPhase section */

/* Begin PBXTargetDependency section */
		6E1A89331C867E2900E433B2 /* PBXTargetDependency */ = {
			isa = PBXTargetDependency;
			target = 6E1A891C1C867E2900E433B2 /* myPasswords */;
			targetProxy = 6E1A89321C867E2900E433B2 /* PBXContainerItemProxy */;
		};
/* End PBXTargetDependency section */

/* Begin PBXVariantGroup section */
		6E1A89241C867E2900E433B2 /* Main.storyboard */ = {
			isa = PBXVariantGroup;
			children = (
				6E1A89251C867E2900E433B2 /* Base */,
			);
			name = Main.storyboard;
			sourceTree = "<group>";
		};
		6E1A89291C867E2900E433B2 /* LaunchScreen.storyboard */ = {
			isa = PBXVariantGroup;
			children = (
				6E1A892A1C867E2900E433B2 /* Base */,
			);
			name = LaunchScreen.storyboard;
			sourceTree = "<group>";
		};
/* End PBXVariantGroup section */

/* Begin XCBuildConfiguration section */
		6E1A89381C867E2900E433B2 /* Debug */ = {
			isa = XCBuildConfiguration;
			buildSettings = {
				ALWAYS_SEARCH_USER_PATHS = NO;
				CLANG_CXX_LANGUAGE_STANDARD = "gnu++0x";
				CLANG_CXX_LIBRARY = "libc++";
				CLANG_ENABLE_MODULES = YES;
				CLANG_ENABLE_OBJC_ARC = YES;
				CLANG_WARN_BOOL_CONVERSION = YES;
				CLANG_WARN_CONSTANT_CONVERSION = YES;
				CLANG_WARN_DIRECT_OBJC_ISA_USAGE = YES_ERROR;
				CLANG_WARN_EMPTY_BODY = YES;
				CLANG_WARN_ENUM_CONVERSION = YES;
				CLANG_WARN_INT_CONVERSION = YES;
				CLANG_WARN_OBJC_ROOT_CLASS = YES_ERROR;
				CLANG_WARN_UNREACHABLE_CODE = YES;
				CLANG_WARN__DUPLICATE_METHOD_MATCH = YES;
				"CODE_SIGN_IDENTITY[sdk=iphoneos*]" = "iPhone Developer";
				COPY_PHASE_STRIP = NO;
				DEBUG_INFORMATION_FORMAT = dwarf;
				ENABLE_STRICT_OBJC_MSGSEND = YES;
				ENABLE_TESTABILITY = YES;
				GCC_C_LANGUAGE_STANDARD = gnu99;
				GCC_DYNAMIC_NO_PIC = NO;
				GCC_NO_COMMON_BLOCKS = YES;
				GCC_OPTIMIZATION_LEVEL = 0;
				GCC_PREPROCESSOR_DEFINITIONS = (
					"DEBUG=1",
					"$(inherited)",
				);
				GCC_WARN_64_TO_32_BIT_CONVERSION = YES;
				GCC_WARN_ABOUT_RETURN_TYPE = YES_ERROR;
				GCC_WARN_UNDECLARED_SELECTOR = YES;
				GCC_WARN_UNINITIALIZED_AUTOS = YES_AGGRESSIVE;
				GCC_WARN_UNUSED_FUNCTION = YES;
				GCC_WARN_UNUSED_VARIABLE = YES;
				IPHONEOS_DEPLOYMENT_TARGET = 9.2;
				MTL_ENABLE_DEBUG_INFO = YES;
				ONLY_ACTIVE_ARCH = YES;
				SDKROOT = iphoneos;
				SWIFT_OPTIMIZATION_LEVEL = "-Onone";
				TARGETED_DEVICE_FAMILY = "1,2";
			};
			name = Debug;
		};
		6E1A89391C867E2900E433B2 /* Release */ = {
			isa = XCBuildConfiguration;
			buildSettings = {
				ALWAYS_SEARCH_USER_PATHS = NO;
				CLANG_CXX_LANGUAGE_STANDARD = "gnu++0x";
				CLANG_CXX_LIBRARY = "libc++";
				CLANG_ENABLE_MODULES = YES;
				CLANG_ENABLE_OBJC_ARC = YES;
				CLANG_WARN_BOOL_CONVERSION = YES;
				CLANG_WARN_CONSTANT_CONVERSION = YES;
				CLANG_WARN_DIRECT_OBJC_ISA_USAGE = YES_ERROR;
				CLANG_WARN_EMPTY_BODY = YES;
				CLANG_WARN_ENUM_CONVERSION = YES;
				CLANG_WARN_INT_CONVERSION = YES;
				CLANG_WARN_OBJC_ROOT_CLASS = YES_ERROR;
				CLANG_WARN_UNREACHABLE_CODE = YES;
				CLANG_WARN__DUPLICATE_METHOD_MATCH = YES;
				"CODE_SIGN_IDENTITY[sdk=iphoneos*]" = "iPhone Developer";
				COPY_PHASE_STRIP = NO;
				DEBUG_INFORMATION_FORMAT = "dwarf-with-dsym";
				ENABLE_NS_ASSERTIONS = NO;
				ENABLE_STRICT_OBJC_MSGSEND = YES;
				GCC_C_LANGUAGE_STANDARD = gnu99;
				GCC_NO_COMMON_BLOCKS = YES;
				GCC_WARN_64_TO_32_BIT_CONVERSION = YES;
				GCC_WARN_ABOUT_RETURN_TYPE = YES_ERROR;
				GCC_WARN_UNDECLARED_SELECTOR = YES;
				GCC_WARN_UNINITIALIZED_AUTOS = YES_AGGRESSIVE;
				GCC_WARN_UNUSED_FUNCTION = YES;
				GCC_WARN_UNUSED_VARIABLE = YES;
				IPHONEOS_DEPLOYMENT_TARGET = 9.2;
				MTL_ENABLE_DEBUG_INFO = NO;
				SDKROOT = iphoneos;
				TARGETED_DEVICE_FAMILY = "1,2";
				VALIDATE_PRODUCT = YES;
			};
			name = Release;
		};
		6E1A893B1C867E2900E433B2 /* Debug */ = {
			isa = XCBuildConfiguration;
			buildSettings = {
				ASSETCATALOG_COMPILER_APPICON_NAME = AppIcon;
				CLANG_ENABLE_MODULES = YES;
				CODE_SIGN_IDENTITY = "iPhone Developer";
				FRAMEWORK_SEARCH_PATHS = (
					"$(inherited)",
					"$(PROJECT_DIR)",
				);
				INFOPLIST_FILE = myPasswords/Info.plist;
				LD_RUNPATH_SEARCH_PATHS = "$(inherited) @executable_path/Frameworks";
				PRODUCT_BUNDLE_IDENTIFIER = com.madeTK.myPasswords;
				PRODUCT_NAME = "$(TARGET_NAME)";
				SWIFT_OBJC_BRIDGING_HEADER = "myPasswords-Bridging-Header.h";
				SWIFT_OPTIMIZATION_LEVEL = "-Onone";
			};
			name = Debug;
		};
		6E1A893C1C867E2900E433B2 /* Release */ = {
			isa = XCBuildConfiguration;
			buildSettings = {
				ASSETCATALOG_COMPILER_APPICON_NAME = AppIcon;
				CLANG_ENABLE_MODULES = YES;
				CODE_SIGN_IDENTITY = "iPhone Developer";
				FRAMEWORK_SEARCH_PATHS = (
					"$(inherited)",
					"$(PROJECT_DIR)",
				);
				INFOPLIST_FILE = myPasswords/Info.plist;
				LD_RUNPATH_SEARCH_PATHS = "$(inherited) @executable_path/Frameworks";
				PRODUCT_BUNDLE_IDENTIFIER = com.madeTK.myPasswords;
				PRODUCT_NAME = "$(TARGET_NAME)";
				SWIFT_OBJC_BRIDGING_HEADER = "myPasswords-Bridging-Header.h";
			};
			name = Release;
		};
		6E1A893E1C867E2900E433B2 /* Debug */ = {
			isa = XCBuildConfiguration;
			buildSettings = {
				BUNDLE_LOADER = "$(TEST_HOST)";
				INFOPLIST_FILE = myPasswordsTests/Info.plist;
				LD_RUNPATH_SEARCH_PATHS = "$(inherited) @executable_path/Frameworks @loader_path/Frameworks";
				PRODUCT_BUNDLE_IDENTIFIER = com.madeTK.myPasswordsTests;
				PRODUCT_NAME = "$(TARGET_NAME)";
				TEST_HOST = "$(BUILT_PRODUCTS_DIR)/myPasswords.app/myPasswords";
			};
			name = Debug;
		};
		6E1A893F1C867E2900E433B2 /* Release */ = {
			isa = XCBuildConfiguration;
			buildSettings = {
				BUNDLE_LOADER = "$(TEST_HOST)";
				INFOPLIST_FILE = myPasswordsTests/Info.plist;
				LD_RUNPATH_SEARCH_PATHS = "$(inherited) @executable_path/Frameworks @loader_path/Frameworks";
				PRODUCT_BUNDLE_IDENTIFIER = com.madeTK.myPasswordsTests;
				PRODUCT_NAME = "$(TARGET_NAME)";
				TEST_HOST = "$(BUILT_PRODUCTS_DIR)/myPasswords.app/myPasswords";
			};
			name = Release;
		};
/* End XCBuildConfiguration section */

/* Begin XCConfigurationList section */
		6E1A89181C867E2900E433B2 /* Build configuration list for PBXProject "myPasswords" */ = {
			isa = XCConfigurationList;
			buildConfigurations = (
				6E1A89381C867E2900E433B2 /* Debug */,
				6E1A89391C867E2900E433B2 /* Release */,
			);
			defaultConfigurationIsVisible = 0;
			defaultConfigurationName = Release;
		};
		6E1A893A1C867E2900E433B2 /* Build configuration list for PBXNativeTarget "myPasswords" */ = {
			isa = XCConfigurationList;
			buildConfigurations = (
				6E1A893B1C867E2900E433B2 /* Debug */,
				6E1A893C1C867E2900E433B2 /* Release */,
			);
			defaultConfigurationIsVisible = 0;
			defaultConfigurationName = Release;
		};
		6E1A893D1C867E2900E433B2 /* Build configuration list for PBXNativeTarget "myPasswordsTests" */ = {
			isa = XCConfigurationList;
			buildConfigurations = (
				6E1A893E1C867E2900E433B2 /* Debug */,
				6E1A893F1C867E2900E433B2 /* Release */,
			);
			defaultConfigurationIsVisible = 0;
			defaultConfigurationName = Release;
		};
/* End XCConfigurationList section */
	};
	rootObject = 6E1A89151C867E2900E433B2 /* Project object */;
}
